{
  "pins" : [
    {
      "identity" : "skip",
      "kind" : "remoteSourceControl",
      "location" : "https://source.skip.tools/skip.git",
      "state" : {
        "revision" : "48f8c6660ac675f9a2565a56e38ed5917aabdd38",
        "version" : "1.3.3"
      }
    },
    {
      "identity" : "skip-foundation",
      "kind" : "remoteSourceControl",
      "location" : "https://source.skip.tools/skip-foundation.git",
      "state" : {
        "revision" : "039bed3a00a019f3608efbd7a6d0404e2939865f",
        "version" : "1.3.2"
      }
    },
    {
      "identity" : "skip-lib",
      "kind" : "remoteSourceControl",
      "location" : "https://source.skip.tools/skip-lib.git",
      "state" : {
        "revision" : "9380b16f637bcc839486f42124297935879b7ee4",
        "version" : "1.3.4"
      }
    },
    {
      "identity" : "skip-model",
      "kind" : "remoteSourceControl",
      "location" : "https://source.skip.tools/skip-model.git",
      "state" : {
        "revision" : "fb31356a6cf595b5feb7bef7e3d45e455d15bf46",
        "version" : "1.4.2"
      }
    },
    {
      "identity" : "skip-ui",
      "kind" : "remoteSourceControl",
      "location" : "https://source.skip.tools/skip-ui.git",
      "state" : {
        "revision" : "b47023a3446a18e5720c45d816fe4c97554e201b",
        "version" : "1.26.4"
      }
    },
    {
      "identity" : "skip-unit",
      "kind" : "remoteSourceControl",
      "location" : "https://source.skip.tools/skip-unit.git",
      "state" : {
        "revision" : "b7717b7a75e1965111f4909fe6a1bc8229f439ec",
        "version" : "1.1.1"
      }
    }
  ],
  "version" : 2
}
